
Microsoft Visual Studio Solution File, Format Version 12.00
# Visual Studio 2012
Project("{2150E333-8FDC-42A3-9474-1A3956D46DE8}") = "src", "src", "{2564873C-D81B-4DD4-BCD3-DECD733F5D79}"
EndProject
Project("{2150E333-8FDC-42A3-9474-1A3956D46DE8}") = "tests", "tests", "{166256ED-BED2-40F8-BF8B-0BA37E2CE8A6}"
EndProject
Project("{FAE04EC0-301F-11D3-BF4B-00C04F79EFBC}") = "XamarinFormsTests", "tests\ParserTests\XamarinFormsTests.csproj", "{BAB83348-0035-465B-A693-CB46102A2A67}"
EndProject
Project("{2150E333-8FDC-42A3-9474-1A3956D46DE8}") = "samples", "samples", "{BEF44522-1EE7-4328-B775-8259F1D2BDE7}"
EndProject
Project("{FAE04EC0-301F-11D3-BF4B-00C04F79EFBC}") = "ConsoleSample", "samples\ConsoleSample\ConsoleSample.csproj", "{B07C683D-E072-47E9-8CA9-1E650F7A371E}"
EndProject
Project("{FAE04EC0-301F-11D3-BF4B-00C04F79EFBC}") = "Sacho.DOM.XamarinForms", "src\Sacho.DOM.XamarinForms\Sacho.DOM.XamarinForms.csproj", "{D0EDD907-6345-4C51-BB14-7CBBA52753D2}"
EndProject
Project("{FAE04EC0-301F-11D3-BF4B-00C04F79EFBC}") = "Sancho.XAMLParser", "src\Sancho.XAMLParser\Sancho.XAMLParser.csproj", "{E8496901-E68F-466C-9FF9-32F71CC8B965}"
EndProject
Project("{FAE04EC0-301F-11D3-BF4B-00C04F79EFBC}") = "TabletDesigner", "samples\TabletDesigner\TabletDesigner.csproj", "{BF1ABDF9-4B05-46EC-BFF4-5C157098D213}"
EndProject
Project("{FAE04EC0-301F-11D3-BF4B-00C04F79EFBC}") = "TabletDesigner.iOS", "samples\TabletDesigner\iOS\TabletDesigner.iOS.csproj", "{E0571C18-27B2-4601-9E1E-D7CC6DABDA30}"
EndProject
Project("{FAE04EC0-301F-11D3-BF4B-00C04F79EFBC}") = "TabletDesigner.Droid", "samples\TabletDesigner\Droid\TabletDesigner.Droid.csproj", "{CE6E6C74-3B85-4EF7-B11C-FEB35F51A230}"
EndProject
Global
	GlobalSection(SolutionConfigurationPlatforms) = preSolution
		Debug|Any CPU = Debug|Any CPU
		Release|Any CPU = Release|Any CPU
		Debug|iPhoneSimulator = Debug|iPhoneSimulator
		Release|iPhone = Release|iPhone
		Release|iPhoneSimulator = Release|iPhoneSimulator
		Debug|iPhone = Debug|iPhone
	EndGlobalSection
	GlobalSection(ProjectConfigurationPlatforms) = postSolution
		{BAB83348-0035-465B-A693-CB46102A2A67}.Debug|Any CPU.ActiveCfg = Debug|Any CPU
		{BAB83348-0035-465B-A693-CB46102A2A67}.Debug|Any CPU.Build.0 = Debug|Any CPU
		{BAB83348-0035-465B-A693-CB46102A2A67}.Release|Any CPU.ActiveCfg = Release|Any CPU
		{BAB83348-0035-465B-A693-CB46102A2A67}.Release|Any CPU.Build.0 = Release|Any CPU
		{BAB83348-0035-465B-A693-CB46102A2A67}.Debug|iPhoneSimulator.ActiveCfg = Debug|Any CPU
		{BAB83348-0035-465B-A693-CB46102A2A67}.Debug|iPhoneSimulator.Build.0 = Debug|Any CPU
		{BAB83348-0035-465B-A693-CB46102A2A67}.Release|iPhone.ActiveCfg = Release|Any CPU
		{BAB83348-0035-465B-A693-CB46102A2A67}.Release|iPhone.Build.0 = Release|Any CPU
		{BAB83348-0035-465B-A693-CB46102A2A67}.Release|iPhoneSimulator.ActiveCfg = Release|Any CPU
		{BAB83348-0035-465B-A693-CB46102A2A67}.Release|iPhoneSimulator.Build.0 = Release|Any CPU
		{BAB83348-0035-465B-A693-CB46102A2A67}.Debug|iPhone.ActiveCfg = Debug|Any CPU
		{BAB83348-0035-465B-A693-CB46102A2A67}.Debug|iPhone.Build.0 = Debug|Any CPU
		{B07C683D-E072-47E9-8CA9-1E650F7A371E}.Debug|Any CPU.ActiveCfg = Debug|Any CPU
		{B07C683D-E072-47E9-8CA9-1E650F7A371E}.Debug|Any CPU.Build.0 = Debug|Any CPU
		{B07C683D-E072-47E9-8CA9-1E650F7A371E}.Release|Any CPU.ActiveCfg = Release|Any CPU
		{B07C683D-E072-47E9-8CA9-1E650F7A371E}.Release|Any CPU.Build.0 = Release|Any CPU
		{B07C683D-E072-47E9-8CA9-1E650F7A371E}.Debug|iPhoneSimulator.ActiveCfg = Debug|Any CPU
		{B07C683D-E072-47E9-8CA9-1E650F7A371E}.Debug|iPhoneSimulator.Build.0 = Debug|Any CPU
		{B07C683D-E072-47E9-8CA9-1E650F7A371E}.Release|iPhone.ActiveCfg = Release|Any CPU
		{B07C683D-E072-47E9-8CA9-1E650F7A371E}.Release|iPhone.Build.0 = Release|Any CPU
		{B07C683D-E072-47E9-8CA9-1E650F7A371E}.Release|iPhoneSimulator.ActiveCfg = Release|Any CPU
		{B07C683D-E072-47E9-8CA9-1E650F7A371E}.Release|iPhoneSimulator.Build.0 = Release|Any CPU
		{B07C683D-E072-47E9-8CA9-1E650F7A371E}.Debug|iPhone.ActiveCfg = Debug|Any CPU
		{B07C683D-E072-47E9-8CA9-1E650F7A371E}.Debug|iPhone.Build.0 = Debug|Any CPU
		{D0EDD907-6345-4C51-BB14-7CBBA52753D2}.Debug|Any CPU.ActiveCfg = Debug|Any CPU
		{D0EDD907-6345-4C51-BB14-7CBBA52753D2}.Debug|Any CPU.Build.0 = Debug|Any CPU
		{D0EDD907-6345-4C51-BB14-7CBBA52753D2}.Release|Any CPU.ActiveCfg = Release|Any CPU
		{D0EDD907-6345-4C51-BB14-7CBBA52753D2}.Release|Any CPU.Build.0 = Release|Any CPU
		{D0EDD907-6345-4C51-BB14-7CBBA52753D2}.Debug|iPhoneSimulator.ActiveCfg = Debug|Any CPU
		{D0EDD907-6345-4C51-BB14-7CBBA52753D2}.Debug|iPhoneSimulator.Build.0 = Debug|Any CPU
		{D0EDD907-6345-4C51-BB14-7CBBA52753D2}.Release|iPhone.ActiveCfg = Release|Any CPU
		{D0EDD907-6345-4C51-BB14-7CBBA52753D2}.Release|iPhone.Build.0 = Release|Any CPU
		{D0EDD907-6345-4C51-BB14-7CBBA52753D2}.Release|iPhoneSimulator.ActiveCfg = Release|Any CPU
		{D0EDD907-6345-4C51-BB14-7CBBA52753D2}.Release|iPhoneSimulator.Build.0 = Release|Any CPU
		{D0EDD907-6345-4C51-BB14-7CBBA52753D2}.Debug|iPhone.ActiveCfg = Debug|Any CPU
		{D0EDD907-6345-4C51-BB14-7CBBA52753D2}.Debug|iPhone.Build.0 = Debug|Any CPU
		{E8496901-E68F-466C-9FF9-32F71CC8B965}.Debug|Any CPU.ActiveCfg = Debug|Any CPU
		{E8496901-E68F-466C-9FF9-32F71CC8B965}.Debug|Any CPU.Build.0 = Debug|Any CPU
		{E8496901-E68F-466C-9FF9-32F71CC8B965}.Release|Any CPU.ActiveCfg = Release|Any CPU
		{E8496901-E68F-466C-9FF9-32F71CC8B965}.Release|Any CPU.Build.0 = Release|Any CPU
		{E8496901-E68F-466C-9FF9-32F71CC8B965}.Debug|iPhoneSimulator.ActiveCfg = Debug|Any CPU
		{E8496901-E68F-466C-9FF9-32F71CC8B965}.Debug|iPhoneSimulator.Build.0 = Debug|Any CPU
		{E8496901-E68F-466C-9FF9-32F71CC8B965}.Release|iPhone.ActiveCfg = Release|Any CPU
		{E8496901-E68F-466C-9FF9-32F71CC8B965}.Release|iPhone.Build.0 = Release|Any CPU
		{E8496901-E68F-466C-9FF9-32F71CC8B965}.Release|iPhoneSimulator.ActiveCfg = Release|Any CPU
		{E8496901-E68F-466C-9FF9-32F71CC8B965}.Release|iPhoneSimulator.Build.0 = Release|Any CPU
		{E8496901-E68F-466C-9FF9-32F71CC8B965}.Debug|iPhone.ActiveCfg = Debug|Any CPU
		{E8496901-E68F-466C-9FF9-32F71CC8B965}.Debug|iPhone.Build.0 = Debug|Any CPU
		{BF1ABDF9-4B05-46EC-BFF4-5C157098D213}.Debug|Any CPU.ActiveCfg = Debug|Any CPU
		{BF1ABDF9-4B05-46EC-BFF4-5C157098D213}.Debug|Any CPU.Build.0 = Debug|Any CPU
		{BF1ABDF9-4B05-46EC-BFF4-5C157098D213}.Release|Any CPU.ActiveCfg = Release|Any CPU
		{BF1ABDF9-4B05-46EC-BFF4-5C157098D213}.Release|Any CPU.Build.0 = Release|Any CPU
		{BF1ABDF9-4B05-46EC-BFF4-5C157098D213}.Debug|iPhoneSimulator.ActiveCfg = Debug|Any CPU
		{BF1ABDF9-4B05-46EC-BFF4-5C157098D213}.Debug|iPhoneSimulator.Build.0 = Debug|Any CPU
		{BF1ABDF9-4B05-46EC-BFF4-5C157098D213}.Release|iPhone.ActiveCfg = Release|Any CPU
		{BF1ABDF9-4B05-46EC-BFF4-5C157098D213}.Release|iPhone.Build.0 = Release|Any CPU
		{BF1ABDF9-4B05-46EC-BFF4-5C157098D213}.Release|iPhoneSimulator.ActiveCfg = Release|Any CPU
		{BF1ABDF9-4B05-46EC-BFF4-5C157098D213}.Release|iPhoneSimulator.Build.0 = Release|Any CPU
		{BF1ABDF9-4B05-46EC-BFF4-5C157098D213}.Debug|iPhone.ActiveCfg = Debug|Any CPU
		{BF1ABDF9-4B05-46EC-BFF4-5C157098D213}.Debug|iPhone.Build.0 = Debug|Any CPU
		{E0571C18-27B2-4601-9E1E-D7CC6DABDA30}.Debug|Any CPU.ActiveCfg = Debug|iPhoneSimulator
		{E0571C18-27B2-4601-9E1E-D7CC6DABDA30}.Debug|Any CPU.Build.0 = Debug|iPhoneSimulator
		{E0571C18-27B2-4601-9E1E-D7CC6DABDA30}.Release|Any CPU.ActiveCfg = Release|iPhone
		{E0571C18-27B2-4601-9E1E-D7CC6DABDA30}.Release|Any CPU.Build.0 = Release|iPhone
		{E0571C18-27B2-4601-9E1E-D7CC6DABDA30}.Debug|iPhoneSimulator.ActiveCfg = Debug|iPhoneSimulator
		{E0571C18-27B2-4601-9E1E-D7CC6DABDA30}.Debug|iPhoneSimulator.Build.0 = Debug|iPhoneSimulator
		{E0571C18-27B2-4601-9E1E-D7CC6DABDA30}.Release|iPhone.ActiveCfg = Release|iPhone
		{E0571C18-27B2-4601-9E1E-D7CC6DABDA30}.Release|iPhone.Build.0 = Release|iPhone
		{E0571C18-27B2-4601-9E1E-D7CC6DABDA30}.Release|iPhoneSimulator.ActiveCfg = Release|iPhoneSimulator
		{E0571C18-27B2-4601-9E1E-D7CC6DABDA30}.Release|iPhoneSimulator.Build.0 = Release|iPhoneSimulator
		{E0571C18-27B2-4601-9E1E-D7CC6DABDA30}.Debug|iPhone.ActiveCfg = Debug|iPhone
		{E0571C18-27B2-4601-9E1E-D7CC6DABDA30}.Debug|iPhone.Build.0 = Debug|iPhone
		{CE6E6C74-3B85-4EF7-B11C-FEB35F51A230}.Debug|Any CPU.ActiveCfg = Debug|Any CPU
		{CE6E6C74-3B85-4EF7-B11C-FEB35F51A230}.Debug|Any CPU.Build.0 = Debug|Any CPU
		{CE6E6C74-3B85-4EF7-B11C-FEB35F51A230}.Release|Any CPU.ActiveCfg = Release|Any CPU
		{CE6E6C74-3B85-4EF7-B11C-FEB35F51A230}.Release|Any CPU.Build.0 = Release|Any CPU
		{CE6E6C74-3B85-4EF7-B11C-FEB35F51A230}.Debug|iPhoneSimulator.ActiveCfg = Debug|Any CPU
		{CE6E6C74-3B85-4EF7-B11C-FEB35F51A230}.Debug|iPhoneSimulator.Build.0 = Debug|Any CPU
		{CE6E6C74-3B85-4EF7-B11C-FEB35F51A230}.Release|iPhone.ActiveCfg = Release|Any CPU
		{CE6E6C74-3B85-4EF7-B11C-FEB35F51A230}.Release|iPhone.Build.0 = Release|Any CPU
		{CE6E6C74-3B85-4EF7-B11C-FEB35F51A230}.Release|iPhoneSimulator.ActiveCfg = Release|Any CPU
		{CE6E6C74-3B85-4EF7-B11C-FEB35F51A230}.Release|iPhoneSimulator.Build.0 = Release|Any CPU
		{CE6E6C74-3B85-4EF7-B11C-FEB35F51A230}.Debug|iPhone.ActiveCfg = Debug|Any CPU
		{CE6E6C74-3B85-4EF7-B11C-FEB35F51A230}.Debug|iPhone.Build.0 = Debug|Any CPU
	EndGlobalSection
	GlobalSection(NestedProjects) = preSolution
		{BAB83348-0035-465B-A693-CB46102A2A67} = {166256ED-BED2-40F8-BF8B-0BA37E2CE8A6}
		{B07C683D-E072-47E9-8CA9-1E650F7A371E} = {BEF44522-1EE7-4328-B775-8259F1D2BDE7}
		{D0EDD907-6345-4C51-BB14-7CBBA52753D2} = {2564873C-D81B-4DD4-BCD3-DECD733F5D79}
		{E8496901-E68F-466C-9FF9-32F71CC8B965} = {2564873C-D81B-4DD4-BCD3-DECD733F5D79}
		{BF1ABDF9-4B05-46EC-BFF4-5C157098D213} = {BEF44522-1EE7-4328-B775-8259F1D2BDE7}
		{E0571C18-27B2-4601-9E1E-D7CC6DABDA30} = {BEF44522-1EE7-4328-B775-8259F1D2BDE7}
		{CE6E6C74-3B85-4EF7-B11C-FEB35F51A230} = {BEF44522-1EE7-4328-B775-8259F1D2BDE7}
	EndGlobalSection
	GlobalSection(MonoDevelopProperties) = preSolution
		Policies = $0
		$0.TextStylePolicy = $1
		$1.inheritsSet = null
		$1.scope = application/xml
		$1.inheritsScope = text/plain
		$1.FileWidth = 120
		$1.TabsToSpaces = False
		$0.XmlFormattingPolicy = $2
		$2.DefaultFormat = $3
		$3.AttributesInNewLine = True
		$3.MaxAttributesPerLine = 5
		$3.AlignAttributes = True
		$3.WrapAttributes = True
		$2.inheritsSet = Mono
		$2.inheritsScope = application/xml
		$2.scope = application/xml
		$0.CSharpFormattingPolicy = $4
		$4.IndentSwitchSection = True
		$4.NewLinesForBracesInProperties = True
		$4.NewLinesForBracesInAccessors = True
		$4.NewLinesForBracesInAnonymousMethods = True
		$4.NewLinesForBracesInControlBlocks = True
		$4.NewLinesForBracesInAnonymousTypes = True
		$4.NewLinesForBracesInObjectCollectionArrayInitializers = True
		$4.NewLinesForBracesInLambdaExpressionBody = True
		$4.NewLineForElse = True
		$4.NewLineForCatch = True
		$4.NewLineForFinally = True
		$4.NewLineForMembersInObjectInit = True
		$4.NewLineForMembersInAnonymousTypes = True
		$4.NewLineForClausesInQuery = True
		$4.SpacingAfterMethodDeclarationName = False
		$4.SpaceAfterMethodCallName = False
		$4.SpaceBeforeOpenSquareBracket = False
		$4.inheritsSet = Mono
		$4.inheritsScope = text/x-csharp
		$4.scope = text/x-csharp
	EndGlobalSection
EndGlobal
