
Microsoft Visual Studio Solution File, Format Version 12.00
# Visual Studio 2012
Project("{2150E333-8FDC-42A3-9474-1A3956D46DE8}") = "src", "src", "{2564873C-D81B-4DD4-BCD3-DECD733F5D79}"
EndProject
Project("{FAE04EC0-301F-11D3-BF4B-00C04F79EFBC}") = "SimpleXamlParser", "src\SimpleXamlParser\SimpleXamlParser.csproj", "{E8496901-E68F-466C-9FF9-32F71CC8B965}"
EndProject
Project("{2150E333-8FDC-42A3-9474-1A3956D46DE8}") = "tests", "tests", "{166256ED-BED2-40F8-BF8B-0BA37E2CE8A6}"
EndProject
Project("{FAE04EC0-301F-11D3-BF4B-00C04F79EFBC}") = "ParserTests", "tests\ParserTests\ParserTests.csproj", "{BAB83348-0035-465B-A693-CB46102A2A67}"
EndProject
Global
	GlobalSection(SolutionConfigurationPlatforms) = preSolution
		Debug|Any CPU = Debug|Any CPU
		Release|Any CPU = Release|Any CPU
	EndGlobalSection
	GlobalSection(ProjectConfigurationPlatforms) = postSolution
		{E8496901-E68F-466C-9FF9-32F71CC8B965}.Debug|Any CPU.ActiveCfg = Debug|Any CPU
		{E8496901-E68F-466C-9FF9-32F71CC8B965}.Debug|Any CPU.Build.0 = Debug|Any CPU
		{E8496901-E68F-466C-9FF9-32F71CC8B965}.Release|Any CPU.ActiveCfg = Release|Any CPU
		{E8496901-E68F-466C-9FF9-32F71CC8B965}.Release|Any CPU.Build.0 = Release|Any CPU
		{BAB83348-0035-465B-A693-CB46102A2A67}.Debug|Any CPU.ActiveCfg = Debug|Any CPU
		{BAB83348-0035-465B-A693-CB46102A2A67}.Debug|Any CPU.Build.0 = Debug|Any CPU
		{BAB83348-0035-465B-A693-CB46102A2A67}.Release|Any CPU.ActiveCfg = Release|Any CPU
		{BAB83348-0035-465B-A693-CB46102A2A67}.Release|Any CPU.Build.0 = Release|Any CPU
	EndGlobalSection
	GlobalSection(NestedProjects) = preSolution
		{E8496901-E68F-466C-9FF9-32F71CC8B965} = {2564873C-D81B-4DD4-BCD3-DECD733F5D79}
		{BAB83348-0035-465B-A693-CB46102A2A67} = {166256ED-BED2-40F8-BF8B-0BA37E2CE8A6}
	EndGlobalSection
EndGlobal
